
Microsoft Visual Studio Solution File, Format Version 12.00
# Visual Studio Version 17
VisualStudioVersion = 17.12.35506.116
MinimumVisualStudioVersion = 10.0.40219.1
Project("{FAE04EC0-301F-11D3-BF4B-00C04F79EFBC}") = "ExpressionTrees", "ExpressionTrees\ExpressionTrees.csproj", "{4AFD1A9A-F2FC-4BA7-993D-9E9335CA5A18}"
EndProject
Project("{FAE04EC0-301F-11D3-BF4B-00C04F79EFBC}") = "LockCallback", "LockCallback\LockCallback.csproj", "{D230113A-47F8-4553-99C0-A61568EA316A}"
EndProject
Project("{FAE04EC0-301F-11D3-BF4B-00C04F79EFBC}") = "CustomIndexers", "CustomIndexers\CustomIndexers.csproj", "{E63E9548-9C60-42E3-8E71-9CA368F337FD}"
EndProject
Project("{FAE04EC0-301F-11D3-BF4B-00C04F79EFBC}") = "Constructors", "Constructors\Constructors.csproj", "{EFA31EF5-0BCD-4D8A-9C83-885175F7EF17}"
EndProject
Project("{2150E333-8FDC-42A3-9474-1A3956D46DE8}") = "LinqQuery", "LinqQuery", "{65C2C306-C540-4F6D-B1A8-050FF831A666}"
EndProject
Project("{FAE04EC0-301F-11D3-BF4B-00C04F79EFBC}") = "LinqQueriesConsole", "LinqQueryMigration\LinqQueriesConsole.csproj", "{FCAF08F7-1ADB-4311-A89A-FBAC246C48D8}"
EndProject
Project("{FAE04EC0-301F-11D3-BF4B-00C04F79EFBC}") = "LinqQueriesTest", "LinqQueriesTest\LinqQueriesTest.csproj", "{735C9AFB-4336-4EB3-82B2-A67CFC805754}"
EndProject
Global
	GlobalSection(SolutionConfigurationPlatforms) = preSolution
		Debug|Any CPU = Debug|Any CPU
		Release|Any CPU = Release|Any CPU
	EndGlobalSection
	GlobalSection(ProjectConfigurationPlatforms) = postSolution
		{4AFD1A9A-F2FC-4BA7-993D-9E9335CA5A18}.Debug|Any CPU.ActiveCfg = Debug|Any CPU
		{4AFD1A9A-F2FC-4BA7-993D-9E9335CA5A18}.Debug|Any CPU.Build.0 = Debug|Any CPU
		{4AFD1A9A-F2FC-4BA7-993D-9E9335CA5A18}.Release|Any CPU.ActiveCfg = Release|Any CPU
		{4AFD1A9A-F2FC-4BA7-993D-9E9335CA5A18}.Release|Any CPU.Build.0 = Release|Any CPU
		{D230113A-47F8-4553-99C0-A61568EA316A}.Debug|Any CPU.ActiveCfg = Debug|Any CPU
		{D230113A-47F8-4553-99C0-A61568EA316A}.Debug|Any CPU.Build.0 = Debug|Any CPU
		{D230113A-47F8-4553-99C0-A61568EA316A}.Release|Any CPU.ActiveCfg = Release|Any CPU
		{D230113A-47F8-4553-99C0-A61568EA316A}.Release|Any CPU.Build.0 = Release|Any CPU
		{E63E9548-9C60-42E3-8E71-9CA368F337FD}.Debug|Any CPU.ActiveCfg = Debug|Any CPU
		{E63E9548-9C60-42E3-8E71-9CA368F337FD}.Debug|Any CPU.Build.0 = Debug|Any CPU
		{E63E9548-9C60-42E3-8E71-9CA368F337FD}.Release|Any CPU.ActiveCfg = Release|Any CPU
		{E63E9548-9C60-42E3-8E71-9CA368F337FD}.Release|Any CPU.Build.0 = Release|Any CPU
		{EFA31EF5-0BCD-4D8A-9C83-885175F7EF17}.Debug|Any CPU.ActiveCfg = Debug|Any CPU
		{EFA31EF5-0BCD-4D8A-9C83-885175F7EF17}.Debug|Any CPU.Build.0 = Debug|Any CPU
		{EFA31EF5-0BCD-4D8A-9C83-885175F7EF17}.Release|Any CPU.ActiveCfg = Release|Any CPU
		{EFA31EF5-0BCD-4D8A-9C83-885175F7EF17}.Release|Any CPU.Build.0 = Release|Any CPU
		{FCAF08F7-1ADB-4311-A89A-FBAC246C48D8}.Debug|Any CPU.ActiveCfg = Debug|Any CPU
		{FCAF08F7-1ADB-4311-A89A-FBAC246C48D8}.Debug|Any CPU.Build.0 = Debug|Any CPU
		{FCAF08F7-1ADB-4311-A89A-FBAC246C48D8}.Release|Any CPU.ActiveCfg = Release|Any CPU
		{FCAF08F7-1ADB-4311-A89A-FBAC246C48D8}.Release|Any CPU.Build.0 = Release|Any CPU
		{735C9AFB-4336-4EB3-82B2-A67CFC805754}.Debug|Any CPU.ActiveCfg = Debug|Any CPU
		{735C9AFB-4336-4EB3-82B2-A67CFC805754}.Debug|Any CPU.Build.0 = Debug|Any CPU
		{735C9AFB-4336-4EB3-82B2-A67CFC805754}.Release|Any CPU.ActiveCfg = Release|Any CPU
		{735C9AFB-4336-4EB3-82B2-A67CFC805754}.Release|Any CPU.Build.0 = Release|Any CPU
	EndGlobalSection
	GlobalSection(SolutionProperties) = preSolution
		HideSolutionNode = FALSE
	EndGlobalSection
	GlobalSection(NestedProjects) = preSolution
		{FCAF08F7-1ADB-4311-A89A-FBAC246C48D8} = {65C2C306-C540-4F6D-B1A8-050FF831A666}
		{735C9AFB-4336-4EB3-82B2-A67CFC805754} = {65C2C306-C540-4F6D-B1A8-050FF831A666}
	EndGlobalSection
EndGlobal
